{
  "name": "frontend_app",
  "lockfileVersion": 3,
  "requires": true,
  "packages": {
    "": {
      "dependencies": {
        "dompurify": "^3.1.7",
        "marked": "^14.1.4"
      }
    },
    "node_modules/dompurify": {
      "version": "3.1.7",
      "resolved": "https://registry.npmjs.org/dompurify/-/dompurify-3.1.7.tgz",
      "integrity": "sha512-VaTstWtsneJY8xzy7DekmYWEOZcmzIe3Qb3zPd4STve1OBTa+e+WmS1ITQec1fZYXI3HCsOZZiSMpG6oxoWMWQ==",
      "license": "(MPL-2.0 OR Apache-2.0)"
    },
    "node_modules/marked": {
      "version": "14.1.4",
      "resolved": "https://registry.npmjs.org/marked/-/marked-14.1.4.tgz",
      "integrity": "sha512-vkVZ8ONmUdPnjCKc5uTRvmkRbx4EAi2OkTOXmfTDhZz3OFqMNBM1oTTWwTr4HY4uAEojhzPf+Fy8F1DWa3Sndg==",
      "license": "MIT",
      "bin": {
        "marked": "bin/marked.js"
      },
      "engines": {
        "node": ">= 18"
      }
    }
  }
}
